
Microsoft Visual Studio Solution File, Format Version 12.00
# Visual Studio Version 16
VisualStudioVersion = 16.0.29613.14
MinimumVisualStudioVersion = 10.0.40219.1
Project("{FAE04EC0-301F-11D3-BF4B-00C04F79EFBC}") = "RsaExtractor", "RsaExtractor\RsaExtractor.csproj", "{6A5770FE-3301-4D29-AA51-271AD1B8C28C}"
EndProject
Global
	GlobalSection(SolutionConfigurationPlatforms) = preSolution
		Debug|Any CPU = Debug|Any CPU
		Release|Any CPU = Release|Any CPU
	EndGlobalSection
	GlobalSection(ProjectConfigurationPlatforms) = postSolution
		{6A5770FE-3301-4D29-AA51-271AD1B8C28C}.Debug|Any CPU.ActiveCfg = Debug|Any CPU
		{6A5770FE-3301-4D29-AA51-271AD1B8C28C}.Debug|Any CPU.Build.0 = Debug|Any CPU
		{6A5770FE-3301-4D29-AA51-271AD1B8C28C}.Release|Any CPU.ActiveCfg = Release|Any CPU
		{6A5770FE-3301-4D29-AA51-271AD1B8C28C}.Release|Any CPU.Build.0 = Release|Any CPU
	EndGlobalSection
	GlobalSection(SolutionProperties) = preSolution
		HideSolutionNode = FALSE
	EndGlobalSection
	GlobalSection(ExtensibilityGlobals) = postSolution
		SolutionGuid = {86EA04D4-8EF1-4D05-B67F-A35F9404267E}
	EndGlobalSection
EndGlobal
